
Microsoft Visual Studio Solution File, Format Version 12.00
Project("{FAE04EC0-301F-11D3-BF4B-00C04F79EFBC}") = "cw11", "cw11\cw11.csproj", "{B762556C-A62C-4212-B0FA-E3D863CF1063}"
EndProject
Global
	GlobalSection(SolutionConfigurationPlatforms) = preSolution
		Debug|Any CPU = Debug|Any CPU
		Release|Any CPU = Release|Any CPU
	EndGlobalSection
	GlobalSection(ProjectConfigurationPlatforms) = postSolution
		{B762556C-A62C-4212-B0FA-E3D863CF1063}.Debug|Any CPU.ActiveCfg = Debug|Any CPU
		{B762556C-A62C-4212-B0FA-E3D863CF1063}.Debug|Any CPU.Build.0 = Debug|Any CPU
		{B762556C-A62C-4212-B0FA-E3D863CF1063}.Release|Any CPU.ActiveCfg = Release|Any CPU
		{B762556C-A62C-4212-B0FA-E3D863CF1063}.Release|Any CPU.Build.0 = Release|Any CPU
	EndGlobalSection
EndGlobal
